// !$*UTF8*$!
{
	archiveVersion = 1;
	classes = {
	};
	objectVersion = 46;
	objects = {

/* Begin PBXBuildFile section */
		2001D8501E5AD8A0008C630C /* Train.mp4 in Resources */ = {isa = PBXBuildFile; fileRef = 2001D84F1E5AD8A0008C630C /* Train.mp4 */; };
		2014BFA31E5BF80D00C47D18 /* Line.swift in Sources */ = {isa = PBXBuildFile; fileRef = 2014BFA21E5BF80D00C47D18 /* Line.swift */; };
		2034943C1E5A2939001B9F7C /* AppDelegate.swift in Sources */ = {isa = PBXBuildFile; fileRef = 2034943B1E5A2939001B9F7C /* AppDelegate.swift */; };
		2034943E1E5A2939001B9F7C /* ViewController.swift in Sources */ = {isa = PBXBuildFile; fileRef = 2034943D1E5A2939001B9F7C /* ViewController.swift */; };
		203494411E5A2939001B9F7C /* Main.storyboard in Resources */ = {isa = PBXBuildFile; fileRef = 2034943F1E5A2939001B9F7C /* Main.storyboard */; };
		203494441E5A2939001B9F7C /* Metro.xcdatamodeld in Sources */ = {isa = PBXBuildFile; fileRef = 203494421E5A2939001B9F7C /* Metro.xcdatamodeld */; };
		203494461E5A2939001B9F7C /* Assets.xcassets in Resources */ = {isa = PBXBuildFile; fileRef = 203494451E5A2939001B9F7C /* Assets.xcassets */; };
		203494491E5A2939001B9F7C /* LaunchScreen.storyboard in Resources */ = {isa = PBXBuildFile; fileRef = 203494471E5A2939001B9F7C /* LaunchScreen.storyboard */; };
		203494511E5A2F74001B9F7C /* Tools.swift in Sources */ = {isa = PBXBuildFile; fileRef = 203494501E5A2F74001B9F7C /* Tools.swift */; };
		203494551E5A63CB001B9F7C /* WelcomeView.swift in Sources */ = {isa = PBXBuildFile; fileRef = 203494541E5A63CB001B9F7C /* WelcomeView.swift */; };
		203494571E5A658A001B9F7C /* LocationView.swift in Sources */ = {isa = PBXBuildFile; fileRef = 203494561E5A658A001B9F7C /* LocationView.swift */; };
		203494591E5A65A1001B9F7C /* NotificationsView.swift in Sources */ = {isa = PBXBuildFile; fileRef = 203494581E5A65A1001B9F7C /* NotificationsView.swift */; };
		2034945C1E5A7D36001B9F7C /* Localizable.strings in Resources */ = {isa = PBXBuildFile; fileRef = 2034945E1E5A7D36001B9F7C /* Localizable.strings */; };
		2039F4C71E830B3500FE9F98 /* CoreDataTools.swift in Sources */ = {isa = PBXBuildFile; fileRef = 2039F4C61E830B3500FE9F98 /* CoreDataTools.swift */; };
		20610E7D1E5B6DD100BA6700 /* SearchRouteViewController.swift in Sources */ = {isa = PBXBuildFile; fileRef = 20610E7C1E5B6DD100BA6700 /* SearchRouteViewController.swift */; };
		20610E7F1E5B6ECD00BA6700 /* MainNavigationViewController.swift in Sources */ = {isa = PBXBuildFile; fileRef = 20610E7E1E5B6ECD00BA6700 /* MainNavigationViewController.swift */; };
		20610E811E5B73F700BA6700 /* MainTabBarViewController.swift in Sources */ = {isa = PBXBuildFile; fileRef = 20610E801E5B73F700BA6700 /* MainTabBarViewController.swift */; };
		20610E831E5B7DCE00BA6700 /* Station.swift in Sources */ = {isa = PBXBuildFile; fileRef = 20610E821E5B7DCE00BA6700 /* Station.swift */; };
		20610E851E5B974200BA6700 /* Graveyard.swift in Sources */ = {isa = PBXBuildFile; fileRef = 20610E841E5B974200BA6700 /* Graveyard.swift */; };
/* End PBXBuildFile section */

/* Begin PBXFileReference section */
		2001D84F1E5AD8A0008C630C /* Train.mp4 */ = {isa = PBXFileReference; lastKnownFileType = file; path = Train.mp4; sourceTree = "<group>"; };
		2014BFA21E5BF80D00C47D18 /* Line.swift */ = {isa = PBXFileReference; fileEncoding = 4; lastKnownFileType = sourcecode.swift; path = Line.swift; sourceTree = "<group>"; };
		203494381E5A2939001B9F7C /* Metro.app */ = {isa = PBXFileReference; explicitFileType = wrapper.application; includeInIndex = 0; path = Metro.app; sourceTree = BUILT_PRODUCTS_DIR; };
		2034943B1E5A2939001B9F7C /* AppDelegate.swift */ = {isa = PBXFileReference; lastKnownFileType = sourcecode.swift; path = AppDelegate.swift; sourceTree = "<group>"; };
		2034943D1E5A2939001B9F7C /* ViewController.swift */ = {isa = PBXFileReference; lastKnownFileType = sourcecode.swift; path = ViewController.swift; sourceTree = "<group>"; };
		203494401E5A2939001B9F7C /* Base */ = {isa = PBXFileReference; lastKnownFileType = file.storyboard; name = Base; path = Base.lproj/Main.storyboard; sourceTree = "<group>"; };
		203494431E5A2939001B9F7C /* Metro.xcdatamodel */ = {isa = PBXFileReference; lastKnownFileType = wrapper.xcdatamodel; path = Metro.xcdatamodel; sourceTree = "<group>"; };
		203494451E5A2939001B9F7C /* Assets.xcassets */ = {isa = PBXFileReference; lastKnownFileType = folder.assetcatalog; path = Assets.xcassets; sourceTree = "<group>"; };
		203494481E5A2939001B9F7C /* Base */ = {isa = PBXFileReference; lastKnownFileType = file.storyboard; name = Base; path = Base.lproj/LaunchScreen.storyboard; sourceTree = "<group>"; };
		2034944A1E5A2939001B9F7C /* Info.plist */ = {isa = PBXFileReference; lastKnownFileType = text.plist.xml; path = Info.plist; sourceTree = "<group>"; };
		203494501E5A2F74001B9F7C /* Tools.swift */ = {isa = PBXFileReference; fileEncoding = 4; lastKnownFileType = sourcecode.swift; path = Tools.swift; sourceTree = "<group>"; };
		203494541E5A63CB001B9F7C /* WelcomeView.swift */ = {isa = PBXFileReference; fileEncoding = 4; lastKnownFileType = sourcecode.swift; path = WelcomeView.swift; sourceTree = "<group>"; };
		203494561E5A658A001B9F7C /* LocationView.swift */ = {isa = PBXFileReference; fileEncoding = 4; lastKnownFileType = sourcecode.swift; path = LocationView.swift; sourceTree = "<group>"; };
		203494581E5A65A1001B9F7C /* NotificationsView.swift */ = {isa = PBXFileReference; fileEncoding = 4; lastKnownFileType = sourcecode.swift; path = NotificationsView.swift; sourceTree = "<group>"; };
		2034945D1E5A7D36001B9F7C /* Base */ = {isa = PBXFileReference; lastKnownFileType = text.plist.strings; name = Base; path = Base.lproj/Localizable.strings; sourceTree = "<group>"; };
		2039F4C61E830B3500FE9F98 /* CoreDataTools.swift */ = {isa = PBXFileReference; fileEncoding = 4; lastKnownFileType = sourcecode.swift; path = CoreDataTools.swift; sourceTree = "<group>"; };
		20610E7C1E5B6DD100BA6700 /* SearchRouteViewController.swift */ = {isa = PBXFileReference; fileEncoding = 4; lastKnownFileType = sourcecode.swift; path = SearchRouteViewController.swift; sourceTree = "<group>"; };
		20610E7E1E5B6ECD00BA6700 /* MainNavigationViewController.swift */ = {isa = PBXFileReference; fileEncoding = 4; lastKnownFileType = sourcecode.swift; path = MainNavigationViewController.swift; sourceTree = "<group>"; };
		20610E801E5B73F700BA6700 /* MainTabBarViewController.swift */ = {isa = PBXFileReference; fileEncoding = 4; lastKnownFileType = sourcecode.swift; path = MainTabBarViewController.swift; sourceTree = "<group>"; };
		20610E821E5B7DCE00BA6700 /* Station.swift */ = {isa = PBXFileReference; fileEncoding = 4; lastKnownFileType = sourcecode.swift; path = Station.swift; sourceTree = "<group>"; };
		20610E841E5B974200BA6700 /* Graveyard.swift */ = {isa = PBXFileReference; fileEncoding = 4; lastKnownFileType = sourcecode.swift; path = Graveyard.swift; sourceTree = "<group>"; };
/* End PBXFileReference section */

/* Begin PBXFrameworksBuildPhase section */
		203494351E5A2939001B9F7C /* Frameworks */ = {
			isa = PBXFrameworksBuildPhase;
			buildActionMask = 2147483647;
			files = (
			);
			runOnlyForDeploymentPostprocessing = 0;
		};
/* End PBXFrameworksBuildPhase section */

/* Begin PBXGroup section */
		2034942F1E5A2939001B9F7C = {
			isa = PBXGroup;
			children = (
				2034943A1E5A2939001B9F7C /* Metro */,
				203494391E5A2939001B9F7C /* Products */,
			);
			sourceTree = "<group>";
		};
		203494391E5A2939001B9F7C /* Products */ = {
			isa = PBXGroup;
			children = (
				203494381E5A2939001B9F7C /* Metro.app */,
			);
			name = Products;
			sourceTree = "<group>";
		};
		2034943A1E5A2939001B9F7C /* Metro */ = {
			isa = PBXGroup;
			children = (
				2034943B1E5A2939001B9F7C /* AppDelegate.swift */,
				2034943D1E5A2939001B9F7C /* ViewController.swift */,
				203494561E5A658A001B9F7C /* LocationView.swift */,
				203494581E5A65A1001B9F7C /* NotificationsView.swift */,
				203494541E5A63CB001B9F7C /* WelcomeView.swift */,
				20610E841E5B974200BA6700 /* Graveyard.swift */,
				203494501E5A2F74001B9F7C /* Tools.swift */,
				2039F4C61E830B3500FE9F98 /* CoreDataTools.swift */,
				20610E821E5B7DCE00BA6700 /* Station.swift */,
				2014BFA21E5BF80D00C47D18 /* Line.swift */,
				2034943F1E5A2939001B9F7C /* Main.storyboard */,
				20610E801E5B73F700BA6700 /* MainTabBarViewController.swift */,
				20610E7E1E5B6ECD00BA6700 /* MainNavigationViewController.swift */,
				20610E7C1E5B6DD100BA6700 /* SearchRouteViewController.swift */,
				203494451E5A2939001B9F7C /* Assets.xcassets */,
				203494471E5A2939001B9F7C /* LaunchScreen.storyboard */,
				2034945E1E5A7D36001B9F7C /* Localizable.strings */,
				2001D84F1E5AD8A0008C630C /* Train.mp4 */,
				2034944A1E5A2939001B9F7C /* Info.plist */,
				203494421E5A2939001B9F7C /* Metro.xcdatamodeld */,
			);
			path = Metro;
			sourceTree = "<group>";
		};
/* End PBXGroup section */

/* Begin PBXNativeTarget section */
		203494371E5A2939001B9F7C /* Metro */ = {
			isa = PBXNativeTarget;
			buildConfigurationList = 2034944D1E5A2939001B9F7C /* Build configuration list for PBXNativeTarget "Metro" */;
			buildPhases = (
				203494341E5A2939001B9F7C /* Sources */,
				203494351E5A2939001B9F7C /* Frameworks */,
				203494361E5A2939001B9F7C /* Resources */,
			);
			buildRules = (
			);
			dependencies = (
			);
			name = Metro;
			productName = Metro;
			productReference = 203494381E5A2939001B9F7C /* Metro.app */;
			productType = "com.apple.product-type.application";
		};
/* End PBXNativeTarget section */

/* Begin PBXProject section */
		203494301E5A2939001B9F7C /* Project object */ = {
			isa = PBXProject;
			attributes = {
				LastSwiftUpdateCheck = 0830;
				LastUpgradeCheck = 0830;
				ORGANIZATIONNAME = "Eduardo Valencia";
				TargetAttributes = {
					203494371E5A2939001B9F7C = {
						CreatedOnToolsVersion = 8.3;
						DevelopmentTeam = 7Z3T83KEBB;
						ProvisioningStyle = Automatic;
					};
				};
			};
			buildConfigurationList = 203494331E5A2939001B9F7C /* Build configuration list for PBXProject "Metro" */;
			compatibilityVersion = "Xcode 3.2";
			developmentRegion = English;
			hasScannedForEncodings = 0;
			knownRegions = (
				en,
				Base,
			);
			mainGroup = 2034942F1E5A2939001B9F7C;
			productRefGroup = 203494391E5A2939001B9F7C /* Products */;
			projectDirPath = "";
			projectRoot = "";
			targets = (
				203494371E5A2939001B9F7C /* Metro */,
			);
		};
/* End PBXProject section */

/* Begin PBXResourcesBuildPhase section */
		203494361E5A2939001B9F7C /* Resources */ = {
			isa = PBXResourcesBuildPhase;
			buildActionMask = 2147483647;
			files = (
				203494491E5A2939001B9F7C /* LaunchScreen.storyboard in Resources */,
				2001D8501E5AD8A0008C630C /* Train.mp4 in Resources */,
				2034945C1E5A7D36001B9F7C /* Localizable.strings in Resources */,
				203494461E5A2939001B9F7C /* Assets.xcassets in Resources */,
				203494411E5A2939001B9F7C /* Main.storyboard in Resources */,
			);
			runOnlyForDeploymentPostprocessing = 0;
		};
/* End PBXResourcesBuildPhase section */

/* Begin PBXSourcesBuildPhase section */
		203494341E5A2939001B9F7C /* Sources */ = {
			isa = PBXSourcesBuildPhase;
			buildActionMask = 2147483647;
			files = (
				2034943E1E5A2939001B9F7C /* ViewController.swift in Sources */,
				20610E7F1E5B6ECD00BA6700 /* MainNavigationViewController.swift in Sources */,
				203494571E5A658A001B9F7C /* LocationView.swift in Sources */,
				203494591E5A65A1001B9F7C /* NotificationsView.swift in Sources */,
				203494551E5A63CB001B9F7C /* WelcomeView.swift in Sources */,
				20610E811E5B73F700BA6700 /* MainTabBarViewController.swift in Sources */,
				203494441E5A2939001B9F7C /* Metro.xcdatamodeld in Sources */,
				2014BFA31E5BF80D00C47D18 /* Line.swift in Sources */,
				20610E851E5B974200BA6700 /* Graveyard.swift in Sources */,
				2034943C1E5A2939001B9F7C /* AppDelegate.swift in Sources */,
				2039F4C71E830B3500FE9F98 /* CoreDataTools.swift in Sources */,
				20610E831E5B7DCE00BA6700 /* Station.swift in Sources */,
				20610E7D1E5B6DD100BA6700 /* SearchRouteViewController.swift in Sources */,
				203494511E5A2F74001B9F7C /* Tools.swift in Sources */,
			);
			runOnlyForDeploymentPostprocessing = 0;
		};
/* End PBXSourcesBuildPhase section */

/* Begin PBXVariantGroup section */
		2034943F1E5A2939001B9F7C /* Main.storyboard */ = {
			isa = PBXVariantGroup;
			children = (
				203494401E5A2939001B9F7C /* Base */,
			);
			name = Main.storyboard;
			sourceTree = "<group>";
		};
		203494471E5A2939001B9F7C /* LaunchScreen.storyboard */ = {
			isa = PBXVariantGroup;
			children = (
				203494481E5A2939001B9F7C /* Base */,
			);
			name = LaunchScreen.storyboard;
			sourceTree = "<group>";
		};
		2034945E1E5A7D36001B9F7C /* Localizable.strings */ = {
			isa = PBXVariantGroup;
			children = (
				2034945D1E5A7D36001B9F7C /* Base */,
			);
			name = Localizable.strings;
			sourceTree = "<group>";
		};
/* End PBXVariantGroup section */

/* Begin XCBuildConfiguration section */
		2034944B1E5A2939001B9F7C /* Debug */ = {
			isa = XCBuildConfiguration;
			buildSettings = {
				ALWAYS_SEARCH_USER_PATHS = NO;
				CLANG_ANALYZER_NONNULL = YES;
				CLANG_ANALYZER_NUMBER_OBJECT_CONVERSION = YES_AGGRESSIVE;
				CLANG_CXX_LANGUAGE_STANDARD = "gnu++0x";
				CLANG_CXX_LIBRARY = "libc++";
				CLANG_ENABLE_MODULES = YES;
				CLANG_ENABLE_OBJC_ARC = YES;
				CLANG_WARN_BOOL_CONVERSION = YES;
				CLANG_WARN_CONSTANT_CONVERSION = YES;
				CLANG_WARN_DIRECT_OBJC_ISA_USAGE = YES_ERROR;
				CLANG_WARN_DOCUMENTATION_COMMENTS = YES;
				CLANG_WARN_EMPTY_BODY = YES;
				CLANG_WARN_ENUM_CONVERSION = YES;
				CLANG_WARN_INFINITE_RECURSION = YES;
				CLANG_WARN_INT_CONVERSION = YES;
				CLANG_WARN_OBJC_ROOT_CLASS = YES_ERROR;
				CLANG_WARN_SUSPICIOUS_MOVE = YES;
				CLANG_WARN_UNREACHABLE_CODE = YES;
				CLANG_WARN__DUPLICATE_METHOD_MATCH = YES;
				"CODE_SIGN_IDENTITY[sdk=iphoneos*]" = "iPhone Developer";
				COPY_PHASE_STRIP = NO;
				DEBUG_INFORMATION_FORMAT = dwarf;
				ENABLE_STRICT_OBJC_MSGSEND = YES;
				ENABLE_TESTABILITY = YES;
				GCC_C_LANGUAGE_STANDARD = gnu99;
				GCC_DYNAMIC_NO_PIC = NO;
				GCC_NO_COMMON_BLOCKS = YES;
				GCC_OPTIMIZATION_LEVEL = 0;
				GCC_PREPROCESSOR_DEFINITIONS = (
					"DEBUG=1",
					"$(inherited)",
				);
				GCC_WARN_64_TO_32_BIT_CONVERSION = YES;
				GCC_WARN_ABOUT_RETURN_TYPE = YES_ERROR;
				GCC_WARN_UNDECLARED_SELECTOR = YES;
				GCC_WARN_UNINITIALIZED_AUTOS = YES_AGGRESSIVE;
				GCC_WARN_UNUSED_FUNCTION = YES;
				GCC_WARN_UNUSED_VARIABLE = YES;
				IPHONEOS_DEPLOYMENT_TARGET = 10.0;
				MTL_ENABLE_DEBUG_INFO = YES;
				ONLY_ACTIVE_ARCH = YES;
				SDKROOT = iphoneos;
				SWIFT_ACTIVE_COMPILATION_CONDITIONS = DEBUG;
				SWIFT_OPTIMIZATION_LEVEL = "-Onone";
			};
			name = Debug;
		};
		2034944C1E5A2939001B9F7C /* Release */ = {
			isa = XCBuildConfiguration;
			buildSettings = {
				ALWAYS_SEARCH_USER_PATHS = NO;
				CLANG_ANALYZER_NONNULL = YES;
				CLANG_ANALYZER_NUMBER_OBJECT_CONVERSION = YES_AGGRESSIVE;
				CLANG_CXX_LANGUAGE_STANDARD = "gnu++0x";
				CLANG_CXX_LIBRARY = "libc++";
				CLANG_ENABLE_MODULES = YES;
				CLANG_ENABLE_OBJC_ARC = YES;
				CLANG_WARN_BOOL_CONVERSION = YES;
				CLANG_WARN_CONSTANT_CONVERSION = YES;
				CLANG_WARN_DIRECT_OBJC_ISA_USAGE = YES_ERROR;
				CLANG_WARN_DOCUMENTATION_COMMENTS = YES;
				CLANG_WARN_EMPTY_BODY = YES;
				CLANG_WARN_ENUM_CONVERSION = YES;
				CLANG_WARN_INFINITE_RECURSION = YES;
				CLANG_WARN_INT_CONVERSION = YES;
				CLANG_WARN_OBJC_ROOT_CLASS = YES_ERROR;
				CLANG_WARN_SUSPICIOUS_MOVE = YES;
				CLANG_WARN_UNREACHABLE_CODE = YES;
				CLANG_WARN__DUPLICATE_METHOD_MATCH = YES;
				"CODE_SIGN_IDENTITY[sdk=iphoneos*]" = "iPhone Developer";
				COPY_PHASE_STRIP = NO;
				DEBUG_INFORMATION_FORMAT = "dwarf-with-dsym";
				ENABLE_NS_ASSERTIONS = NO;
				ENABLE_STRICT_OBJC_MSGSEND = YES;
				GCC_C_LANGUAGE_STANDARD = gnu99;
				GCC_NO_COMMON_BLOCKS = YES;
				GCC_WARN_64_TO_32_BIT_CONVERSION = YES;
				GCC_WARN_ABOUT_RETURN_TYPE = YES_ERROR;
				GCC_WARN_UNDECLARED_SELECTOR = YES;
				GCC_WARN_UNINITIALIZED_AUTOS = YES_AGGRESSIVE;
				GCC_WARN_UNUSED_FUNCTION = YES;
				GCC_WARN_UNUSED_VARIABLE = YES;
				IPHONEOS_DEPLOYMENT_TARGET = 10.0;
				MTL_ENABLE_DEBUG_INFO = NO;
				SDKROOT = iphoneos;
				SWIFT_OPTIMIZATION_LEVEL = "-Owholemodule";
				VALIDATE_PRODUCT = YES;
			};
			name = Release;
		};
		2034944E1E5A2939001B9F7C /* Debug */ = {
			isa = XCBuildConfiguration;
			buildSettings = {
				ASSETCATALOG_COMPILER_APPICON_NAME = AppIcon;
				DEVELOPMENT_TEAM = 7Z3T83KEBB;
				INFOPLIST_FILE = Metro/Info.plist;
				LD_RUNPATH_SEARCH_PATHS = "$(inherited) @executable_path/Frameworks";
				PRODUCT_BUNDLE_IDENTIFIER = urban.Metro;
				PRODUCT_NAME = "$(TARGET_NAME)";
				SWIFT_VERSION = 3.0;
			};
			name = Debug;
		};
		2034944F1E5A2939001B9F7C /* Release */ = {
			isa = XCBuildConfiguration;
			buildSettings = {
				ASSETCATALOG_COMPILER_APPICON_NAME = AppIcon;
				DEVELOPMENT_TEAM = 7Z3T83KEBB;
				INFOPLIST_FILE = Metro/Info.plist;
				LD_RUNPATH_SEARCH_PATHS = "$(inherited) @executable_path/Frameworks";
				PRODUCT_BUNDLE_IDENTIFIER = urban.Metro;
				PRODUCT_NAME = "$(TARGET_NAME)";
				SWIFT_VERSION = 3.0;
			};
			name = Release;
		};
/* End XCBuildConfiguration section */

/* Begin XCConfigurationList section */
		203494331E5A2939001B9F7C /* Build configuration list for PBXProject "Metro" */ = {
			isa = XCConfigurationList;
			buildConfigurations = (
				2034944B1E5A2939001B9F7C /* Debug */,
				2034944C1E5A2939001B9F7C /* Release */,
			);
			defaultConfigurationIsVisible = 0;
			defaultConfigurationName = Release;
		};
		2034944D1E5A2939001B9F7C /* Build configuration list for PBXNativeTarget "Metro" */ = {
			isa = XCConfigurationList;
			buildConfigurations = (
				2034944E1E5A2939001B9F7C /* Debug */,
				2034944F1E5A2939001B9F7C /* Release */,
			);
			defaultConfigurationIsVisible = 0;
			defaultConfigurationName = Release;
		};
/* End XCConfigurationList section */

/* Begin XCVersionGroup section */
		203494421E5A2939001B9F7C /* Metro.xcdatamodeld */ = {
			isa = XCVersionGroup;
			children = (
				203494431E5A2939001B9F7C /* Metro.xcdatamodel */,
			);
			currentVersion = 203494431E5A2939001B9F7C /* Metro.xcdatamodel */;
			path = Metro.xcdatamodeld;
			sourceTree = "<group>";
			versionGroupType = wrapper.xcdatamodel;
		};
/* End XCVersionGroup section */
	};
	rootObject = 203494301E5A2939001B9F7C /* Project object */;
}
