// !$*UTF8*$!
{
	archiveVersion = 1;
	classes = {
	};
	objectVersion = 46;
	objects = {

/* Begin PBXBuildFile section */
		2001D8501E5AD8A0008C630C /* Train.mp4 in Resources */ = {isa = PBXBuildFile; fileRef = 2001D84F1E5AD8A0008C630C /* Train.mp4 */; };
		20076D761EBD4B6B0082A7C4 /* InputStationViewController.swift in Sources */ = {isa = PBXBuildFile; fileRef = 20076D751EBD4B6B0082A7C4 /* InputStationViewController.swift */; };
		2007B0CB1E84BC7800655282 /* .swiftlint.yml in Resources */ = {isa = PBXBuildFile; fileRef = 2007B0CA1E84BC7800655282 /* .swiftlint.yml */; };
		2007B0CE1E84C6DD00655282 /* UIObjects.swift in Sources */ = {isa = PBXBuildFile; fileRef = 2007B0CD1E84C6DD00655282 /* UIObjects.swift */; };
		2008F6F31E8B24D700170643 /* EventsViewController.swift in Sources */ = {isa = PBXBuildFile; fileRef = 2008F6F21E8B24D700170643 /* EventsViewController.swift */; };
		2008F6F71E8B401A00170643 /* EventSearchResultsTableViewController.swift in Sources */ = {isa = PBXBuildFile; fileRef = 2008F6F61E8B401A00170643 /* EventSearchResultsTableViewController.swift */; };
		2008F7001E8C0F4700170643 /* ScannerViewController.swift in Sources */ = {isa = PBXBuildFile; fileRef = 2008F6FC1E8C0F4700170643 /* ScannerViewController.swift */; };
		2008F7011E8C0F4700170643 /* ScanOverlay.swift in Sources */ = {isa = PBXBuildFile; fileRef = 2008F6FD1E8C0F4700170643 /* ScanOverlay.swift */; };
		2008F7021E8C0F4700170643 /* ScanBorder.swift in Sources */ = {isa = PBXBuildFile; fileRef = 2008F6FE1E8C0F4700170643 /* ScanBorder.swift */; };
		2008F7031E8C0F4700170643 /* ScanAcceptedBorder.swift in Sources */ = {isa = PBXBuildFile; fileRef = 2008F6FF1E8C0F4700170643 /* ScanAcceptedBorder.swift */; };
		200CA5FA1EBE271000FF8FDA /* StationTableViewCell.swift in Sources */ = {isa = PBXBuildFile; fileRef = 200CA5F91EBE271000FF8FDA /* StationTableViewCell.swift */; };
		200CA5FC1EBE3EB400FF8FDA /* ResultStationsTableViewController.swift in Sources */ = {isa = PBXBuildFile; fileRef = 200CA5FB1EBE3EB400FF8FDA /* ResultStationsTableViewController.swift */; };
		200CA5FE1EBFA02900FF8FDA /* NoResultsView.swift in Sources */ = {isa = PBXBuildFile; fileRef = 200CA5FD1EBFA02900FF8FDA /* NoResultsView.swift */; };
		200CA6001EBFB50300FF8FDA /* NearbyStationsViewController.swift in Sources */ = {isa = PBXBuildFile; fileRef = 200CA5FF1EBFB50300FF8FDA /* NearbyStationsViewController.swift */; };
		200CA6021EBFEB3900FF8FDA /* NearbyResultStationsTableViewController.swift in Sources */ = {isa = PBXBuildFile; fileRef = 200CA6011EBFEB3900FF8FDA /* NearbyResultStationsTableViewController.swift */; };
		2014BFA31E5BF80D00C47D18 /* Line.swift in Sources */ = {isa = PBXBuildFile; fileRef = 2014BFA21E5BF80D00C47D18 /* Line.swift */; };
		202D53AE1E8A1E6C0016A946 /* MetroBackend.swift in Sources */ = {isa = PBXBuildFile; fileRef = 202D53AD1E8A1E6C0016A946 /* MetroBackend.swift */; };
		202D53B01E8A28A80016A946 /* Circle.swift in Sources */ = {isa = PBXBuildFile; fileRef = 202D53AF1E8A28A80016A946 /* Circle.swift */; };
		2034943C1E5A2939001B9F7C /* AppDelegate.swift in Sources */ = {isa = PBXBuildFile; fileRef = 2034943B1E5A2939001B9F7C /* AppDelegate.swift */; };
		2034943E1E5A2939001B9F7C /* ViewController.swift in Sources */ = {isa = PBXBuildFile; fileRef = 2034943D1E5A2939001B9F7C /* ViewController.swift */; };
		203494411E5A2939001B9F7C /* Main.storyboard in Resources */ = {isa = PBXBuildFile; fileRef = 2034943F1E5A2939001B9F7C /* Main.storyboard */; };
		203494441E5A2939001B9F7C /* Metro.xcdatamodeld in Sources */ = {isa = PBXBuildFile; fileRef = 203494421E5A2939001B9F7C /* Metro.xcdatamodeld */; };
		203494461E5A2939001B9F7C /* Assets.xcassets in Resources */ = {isa = PBXBuildFile; fileRef = 203494451E5A2939001B9F7C /* Assets.xcassets */; };
		203494491E5A2939001B9F7C /* LaunchScreen.storyboard in Resources */ = {isa = PBXBuildFile; fileRef = 203494471E5A2939001B9F7C /* LaunchScreen.storyboard */; };
		203494511E5A2F74001B9F7C /* Tools.swift in Sources */ = {isa = PBXBuildFile; fileRef = 203494501E5A2F74001B9F7C /* Tools.swift */; };
		203494551E5A63CB001B9F7C /* WelcomeView.swift in Sources */ = {isa = PBXBuildFile; fileRef = 203494541E5A63CB001B9F7C /* WelcomeView.swift */; };
		203494571E5A658A001B9F7C /* LocationView.swift in Sources */ = {isa = PBXBuildFile; fileRef = 203494561E5A658A001B9F7C /* LocationView.swift */; };
		203494591E5A65A1001B9F7C /* NotificationsView.swift in Sources */ = {isa = PBXBuildFile; fileRef = 203494581E5A65A1001B9F7C /* NotificationsView.swift */; };
		2034945C1E5A7D36001B9F7C /* Localizable.strings in Resources */ = {isa = PBXBuildFile; fileRef = 2034945E1E5A7D36001B9F7C /* Localizable.strings */; };
		2039F4C71E830B3500FE9F98 /* CoreDataTools.swift in Sources */ = {isa = PBXBuildFile; fileRef = 2039F4C61E830B3500FE9F98 /* CoreDataTools.swift */; };
		20610E7D1E5B6DD100BA6700 /* SearchRouteViewController.swift in Sources */ = {isa = PBXBuildFile; fileRef = 20610E7C1E5B6DD100BA6700 /* SearchRouteViewController.swift */; };
		20610E7F1E5B6ECD00BA6700 /* MainNavigationViewController.swift in Sources */ = {isa = PBXBuildFile; fileRef = 20610E7E1E5B6ECD00BA6700 /* MainNavigationViewController.swift */; };
		20610E811E5B73F700BA6700 /* MainTabBarViewController.swift in Sources */ = {isa = PBXBuildFile; fileRef = 20610E801E5B73F700BA6700 /* MainTabBarViewController.swift */; };
		20610E831E5B7DCE00BA6700 /* Station.swift in Sources */ = {isa = PBXBuildFile; fileRef = 20610E821E5B7DCE00BA6700 /* Station.swift */; };
		20610E851E5B974200BA6700 /* Graveyard.swift in Sources */ = {isa = PBXBuildFile; fileRef = 20610E841E5B974200BA6700 /* Graveyard.swift */; };
		2083393E1E8C477C0002EFF2 /* MetroEvent.swift in Sources */ = {isa = PBXBuildFile; fileRef = 2083393D1E8C477C0002EFF2 /* MetroEvent.swift */; };
		208339421E8C6A0C0002EFF2 /* EventCellTableViewCell.swift in Sources */ = {isa = PBXBuildFile; fileRef = 208339411E8C6A0C0002EFF2 /* EventCellTableViewCell.swift */; };
		208339461E8CB9560002EFF2 /* MapViewController.swift in Sources */ = {isa = PBXBuildFile; fileRef = 208339431E8CB9560002EFF2 /* MapViewController.swift */; };
		208339471E8CB9560002EFF2 /* CustomMapView.swift in Sources */ = {isa = PBXBuildFile; fileRef = 208339441E8CB9560002EFF2 /* CustomMapView.swift */; };
		208339481E8CB9560002EFF2 /* LocationButton.swift in Sources */ = {isa = PBXBuildFile; fileRef = 208339451E8CB9560002EFF2 /* LocationButton.swift */; };
		2083394B1E8CC5940002EFF2 /* MapPlacesTableViewController.swift in Sources */ = {isa = PBXBuildFile; fileRef = 2083394A1E8CC5940002EFF2 /* MapPlacesTableViewController.swift */; };
		208339811E8D43540002EFF2 /* Assets.xcassets in Resources */ = {isa = PBXBuildFile; fileRef = 208339801E8D43540002EFF2 /* Assets.xcassets */; };
		208339881E8D43540002EFF2 /* Metro WatchKit Extension.appex in Embed App Extensions */ = {isa = PBXBuildFile; fileRef = 208339871E8D43540002EFF2 /* Metro WatchKit Extension.appex */; settings = {ATTRIBUTES = (RemoveHeadersOnCopy, ); }; };
		2083398F1E8D43540002EFF2 /* InterfaceController.swift in Sources */ = {isa = PBXBuildFile; fileRef = 2083398E1E8D43540002EFF2 /* InterfaceController.swift */; };
		208339911E8D43540002EFF2 /* ExtensionDelegate.swift in Sources */ = {isa = PBXBuildFile; fileRef = 208339901E8D43540002EFF2 /* ExtensionDelegate.swift */; };
		208339931E8D43540002EFF2 /* NotificationController.swift in Sources */ = {isa = PBXBuildFile; fileRef = 208339921E8D43540002EFF2 /* NotificationController.swift */; };
		208339951E8D43540002EFF2 /* ComplicationController.swift in Sources */ = {isa = PBXBuildFile; fileRef = 208339941E8D43540002EFF2 /* ComplicationController.swift */; };
		208339971E8D43540002EFF2 /* Assets.xcassets in Resources */ = {isa = PBXBuildFile; fileRef = 208339961E8D43540002EFF2 /* Assets.xcassets */; };
		2083399B1E8D43540002EFF2 /* Metro WatchKit.app in Embed Watch Content */ = {isa = PBXBuildFile; fileRef = 2083397B1E8D43540002EFF2 /* Metro WatchKit.app */; };
		208339A81E8D46B80002EFF2 /* EventDetailInterfaceController.swift in Sources */ = {isa = PBXBuildFile; fileRef = 208339A71E8D46B80002EFF2 /* EventDetailInterfaceController.swift */; };
		208339AC1E8D498C0002EFF2 /* EventRow.swift in Sources */ = {isa = PBXBuildFile; fileRef = 208339AB1E8D498C0002EFF2 /* EventRow.swift */; };
		2090D07B1E875AA600E5E35C /* Constant.swift in Sources */ = {isa = PBXBuildFile; fileRef = 2090D07A1E875AA600E5E35C /* Constant.swift */; };
		2090D07D1E8767E300E5E35C /* Graphics.swift in Sources */ = {isa = PBXBuildFile; fileRef = 2090D07C1E8767E300E5E35C /* Graphics.swift */; };
		2099860F1E8635180025C3E3 /* PickerButton.swift in Sources */ = {isa = PBXBuildFile; fileRef = 2099860E1E8635180025C3E3 /* PickerButton.swift */; };
		20EC74461E8DC567006EB240 /* Interface.storyboard in Resources */ = {isa = PBXBuildFile; fileRef = 2083397D1E8D43540002EFF2 /* Interface.storyboard */; };
		20F867221E8D9AD8005139C0 /* Djikstra.swift in Sources */ = {isa = PBXBuildFile; fileRef = 20F867211E8D9AD8005139C0 /* Djikstra.swift */; };
/* End PBXBuildFile section */

/* Begin PBXContainerItemProxy section */
		208339891E8D43540002EFF2 /* PBXContainerItemProxy */ = {
			isa = PBXContainerItemProxy;
			containerPortal = 203494301E5A2939001B9F7C /* Project object */;
			proxyType = 1;
			remoteGlobalIDString = 208339861E8D43540002EFF2;
			remoteInfo = "Metro WatchKit Extension";
		};
		208339991E8D43540002EFF2 /* PBXContainerItemProxy */ = {
			isa = PBXContainerItemProxy;
			containerPortal = 203494301E5A2939001B9F7C /* Project object */;
			proxyType = 1;
			remoteGlobalIDString = 2083397A1E8D43540002EFF2;
			remoteInfo = "Metro WatchKit";
		};
/* End PBXContainerItemProxy section */

/* Begin PBXCopyFilesBuildPhase section */
		208339781E8D40D90002EFF2 /* Embed Watch Content */ = {
			isa = PBXCopyFilesBuildPhase;
			buildActionMask = 2147483647;
			dstPath = "$(CONTENTS_FOLDER_PATH)/Watch";
			dstSubfolderSpec = 16;
			files = (
				2083399B1E8D43540002EFF2 /* Metro WatchKit.app in Embed Watch Content */,
			);
			name = "Embed Watch Content";
			runOnlyForDeploymentPostprocessing = 0;
		};
		2083399F1E8D43540002EFF2 /* Embed App Extensions */ = {
			isa = PBXCopyFilesBuildPhase;
			buildActionMask = 2147483647;
			dstPath = "";
			dstSubfolderSpec = 13;
			files = (
				208339881E8D43540002EFF2 /* Metro WatchKit Extension.appex in Embed App Extensions */,
			);
			name = "Embed App Extensions";
			runOnlyForDeploymentPostprocessing = 0;
		};
/* End PBXCopyFilesBuildPhase section */

/* Begin PBXFileReference section */
		2001D84F1E5AD8A0008C630C /* Train.mp4 */ = {isa = PBXFileReference; lastKnownFileType = file; path = Train.mp4; sourceTree = "<group>"; };
		20076D751EBD4B6B0082A7C4 /* InputStationViewController.swift */ = {isa = PBXFileReference; fileEncoding = 4; lastKnownFileType = sourcecode.swift; path = InputStationViewController.swift; sourceTree = "<group>"; };
		2007B0CA1E84BC7800655282 /* .swiftlint.yml */ = {isa = PBXFileReference; fileEncoding = 4; lastKnownFileType = text; path = .swiftlint.yml; sourceTree = "<group>"; };
		2007B0CD1E84C6DD00655282 /* UIObjects.swift */ = {isa = PBXFileReference; fileEncoding = 4; lastKnownFileType = sourcecode.swift; path = UIObjects.swift; sourceTree = "<group>"; };
		2008F6F21E8B24D700170643 /* EventsViewController.swift */ = {isa = PBXFileReference; fileEncoding = 4; lastKnownFileType = sourcecode.swift; path = EventsViewController.swift; sourceTree = "<group>"; };
		2008F6F61E8B401A00170643 /* EventSearchResultsTableViewController.swift */ = {isa = PBXFileReference; fileEncoding = 4; lastKnownFileType = sourcecode.swift; path = EventSearchResultsTableViewController.swift; sourceTree = "<group>"; };
		2008F6FC1E8C0F4700170643 /* ScannerViewController.swift */ = {isa = PBXFileReference; fileEncoding = 4; lastKnownFileType = sourcecode.swift; path = ScannerViewController.swift; sourceTree = "<group>"; };
		2008F6FD1E8C0F4700170643 /* ScanOverlay.swift */ = {isa = PBXFileReference; fileEncoding = 4; lastKnownFileType = sourcecode.swift; path = ScanOverlay.swift; sourceTree = "<group>"; };
		2008F6FE1E8C0F4700170643 /* ScanBorder.swift */ = {isa = PBXFileReference; fileEncoding = 4; lastKnownFileType = sourcecode.swift; path = ScanBorder.swift; sourceTree = "<group>"; };
		2008F6FF1E8C0F4700170643 /* ScanAcceptedBorder.swift */ = {isa = PBXFileReference; fileEncoding = 4; lastKnownFileType = sourcecode.swift; path = ScanAcceptedBorder.swift; sourceTree = "<group>"; };
		200CA5F91EBE271000FF8FDA /* StationTableViewCell.swift */ = {isa = PBXFileReference; fileEncoding = 4; lastKnownFileType = sourcecode.swift; path = StationTableViewCell.swift; sourceTree = "<group>"; };
		200CA5FB1EBE3EB400FF8FDA /* ResultStationsTableViewController.swift */ = {isa = PBXFileReference; fileEncoding = 4; lastKnownFileType = sourcecode.swift; path = ResultStationsTableViewController.swift; sourceTree = "<group>"; };
		200CA5FD1EBFA02900FF8FDA /* NoResultsView.swift */ = {isa = PBXFileReference; fileEncoding = 4; lastKnownFileType = sourcecode.swift; path = NoResultsView.swift; sourceTree = "<group>"; };
		200CA5FF1EBFB50300FF8FDA /* NearbyStationsViewController.swift */ = {isa = PBXFileReference; fileEncoding = 4; lastKnownFileType = sourcecode.swift; path = NearbyStationsViewController.swift; sourceTree = "<group>"; };
		200CA6011EBFEB3900FF8FDA /* NearbyResultStationsTableViewController.swift */ = {isa = PBXFileReference; fileEncoding = 4; lastKnownFileType = sourcecode.swift; path = NearbyResultStationsTableViewController.swift; sourceTree = "<group>"; };
		2014BFA21E5BF80D00C47D18 /* Line.swift */ = {isa = PBXFileReference; fileEncoding = 4; lastKnownFileType = sourcecode.swift; path = Line.swift; sourceTree = "<group>"; };
		202D53AD1E8A1E6C0016A946 /* MetroBackend.swift */ = {isa = PBXFileReference; fileEncoding = 4; lastKnownFileType = sourcecode.swift; path = MetroBackend.swift; sourceTree = "<group>"; };
		202D53AF1E8A28A80016A946 /* Circle.swift */ = {isa = PBXFileReference; fileEncoding = 4; lastKnownFileType = sourcecode.swift; path = Circle.swift; sourceTree = "<group>"; };
		203494381E5A2939001B9F7C /* Metro.app */ = {isa = PBXFileReference; explicitFileType = wrapper.application; includeInIndex = 0; path = Metro.app; sourceTree = BUILT_PRODUCTS_DIR; };
		2034943B1E5A2939001B9F7C /* AppDelegate.swift */ = {isa = PBXFileReference; lastKnownFileType = sourcecode.swift; path = AppDelegate.swift; sourceTree = "<group>"; };
		2034943D1E5A2939001B9F7C /* ViewController.swift */ = {isa = PBXFileReference; lastKnownFileType = sourcecode.swift; path = ViewController.swift; sourceTree = "<group>"; };
		203494401E5A2939001B9F7C /* Base */ = {isa = PBXFileReference; lastKnownFileType = file.storyboard; name = Base; path = Base.lproj/Main.storyboard; sourceTree = "<group>"; };
		203494431E5A2939001B9F7C /* Metro.xcdatamodel */ = {isa = PBXFileReference; lastKnownFileType = wrapper.xcdatamodel; path = Metro.xcdatamodel; sourceTree = "<group>"; };
		203494451E5A2939001B9F7C /* Assets.xcassets */ = {isa = PBXFileReference; lastKnownFileType = folder.assetcatalog; path = Assets.xcassets; sourceTree = "<group>"; };
		203494481E5A2939001B9F7C /* Base */ = {isa = PBXFileReference; lastKnownFileType = file.storyboard; name = Base; path = Base.lproj/LaunchScreen.storyboard; sourceTree = "<group>"; };
		2034944A1E5A2939001B9F7C /* Info.plist */ = {isa = PBXFileReference; lastKnownFileType = text.plist.xml; path = Info.plist; sourceTree = "<group>"; };
		203494501E5A2F74001B9F7C /* Tools.swift */ = {isa = PBXFileReference; fileEncoding = 4; lastKnownFileType = sourcecode.swift; path = Tools.swift; sourceTree = "<group>"; };
		203494541E5A63CB001B9F7C /* WelcomeView.swift */ = {isa = PBXFileReference; fileEncoding = 4; lastKnownFileType = sourcecode.swift; path = WelcomeView.swift; sourceTree = "<group>"; };
		203494561E5A658A001B9F7C /* LocationView.swift */ = {isa = PBXFileReference; fileEncoding = 4; lastKnownFileType = sourcecode.swift; path = LocationView.swift; sourceTree = "<group>"; };
		203494581E5A65A1001B9F7C /* NotificationsView.swift */ = {isa = PBXFileReference; fileEncoding = 4; lastKnownFileType = sourcecode.swift; path = NotificationsView.swift; sourceTree = "<group>"; };
		2034945D1E5A7D36001B9F7C /* Base */ = {isa = PBXFileReference; lastKnownFileType = text.plist.strings; name = Base; path = Base.lproj/Localizable.strings; sourceTree = "<group>"; };
		2039F4C61E830B3500FE9F98 /* CoreDataTools.swift */ = {isa = PBXFileReference; fileEncoding = 4; lastKnownFileType = sourcecode.swift; path = CoreDataTools.swift; sourceTree = "<group>"; };
		20610E7C1E5B6DD100BA6700 /* SearchRouteViewController.swift */ = {isa = PBXFileReference; fileEncoding = 4; lastKnownFileType = sourcecode.swift; path = SearchRouteViewController.swift; sourceTree = "<group>"; };
		20610E7E1E5B6ECD00BA6700 /* MainNavigationViewController.swift */ = {isa = PBXFileReference; fileEncoding = 4; lastKnownFileType = sourcecode.swift; path = MainNavigationViewController.swift; sourceTree = "<group>"; };
		20610E801E5B73F700BA6700 /* MainTabBarViewController.swift */ = {isa = PBXFileReference; fileEncoding = 4; lastKnownFileType = sourcecode.swift; path = MainTabBarViewController.swift; sourceTree = "<group>"; };
		20610E821E5B7DCE00BA6700 /* Station.swift */ = {isa = PBXFileReference; fileEncoding = 4; lastKnownFileType = sourcecode.swift; path = Station.swift; sourceTree = "<group>"; };
		20610E841E5B974200BA6700 /* Graveyard.swift */ = {isa = PBXFileReference; fileEncoding = 4; lastKnownFileType = sourcecode.swift; path = Graveyard.swift; sourceTree = "<group>"; };
		2083393D1E8C477C0002EFF2 /* MetroEvent.swift */ = {isa = PBXFileReference; fileEncoding = 4; lastKnownFileType = sourcecode.swift; path = MetroEvent.swift; sourceTree = "<group>"; };
		208339411E8C6A0C0002EFF2 /* EventCellTableViewCell.swift */ = {isa = PBXFileReference; fileEncoding = 4; lastKnownFileType = sourcecode.swift; path = EventCellTableViewCell.swift; sourceTree = "<group>"; };
		208339431E8CB9560002EFF2 /* MapViewController.swift */ = {isa = PBXFileReference; fileEncoding = 4; lastKnownFileType = sourcecode.swift; path = MapViewController.swift; sourceTree = "<group>"; };
		208339441E8CB9560002EFF2 /* CustomMapView.swift */ = {isa = PBXFileReference; fileEncoding = 4; lastKnownFileType = sourcecode.swift; path = CustomMapView.swift; sourceTree = "<group>"; };
		208339451E8CB9560002EFF2 /* LocationButton.swift */ = {isa = PBXFileReference; fileEncoding = 4; lastKnownFileType = sourcecode.swift; path = LocationButton.swift; sourceTree = "<group>"; };
		2083394A1E8CC5940002EFF2 /* MapPlacesTableViewController.swift */ = {isa = PBXFileReference; fileEncoding = 4; lastKnownFileType = sourcecode.swift; path = MapPlacesTableViewController.swift; sourceTree = "<group>"; };
		2083397B1E8D43540002EFF2 /* Metro WatchKit.app */ = {isa = PBXFileReference; explicitFileType = wrapper.application; includeInIndex = 0; path = "Metro WatchKit.app"; sourceTree = BUILT_PRODUCTS_DIR; };
		2083397E1E8D43540002EFF2 /* Base */ = {isa = PBXFileReference; lastKnownFileType = file.storyboard; name = Base; path = Base.lproj/Interface.storyboard; sourceTree = "<group>"; };
		208339801E8D43540002EFF2 /* Assets.xcassets */ = {isa = PBXFileReference; lastKnownFileType = folder.assetcatalog; path = Assets.xcassets; sourceTree = "<group>"; };
		208339821E8D43540002EFF2 /* Info.plist */ = {isa = PBXFileReference; lastKnownFileType = text.plist.xml; path = Info.plist; sourceTree = "<group>"; };
		208339871E8D43540002EFF2 /* Metro WatchKit Extension.appex */ = {isa = PBXFileReference; explicitFileType = "wrapper.app-extension"; includeInIndex = 0; path = "Metro WatchKit Extension.appex"; sourceTree = BUILT_PRODUCTS_DIR; };
		2083398D1E8D43540002EFF2 /* PushNotificationPayload.apns */ = {isa = PBXFileReference; lastKnownFileType = text; path = PushNotificationPayload.apns; sourceTree = "<group>"; };
		2083398E1E8D43540002EFF2 /* InterfaceController.swift */ = {isa = PBXFileReference; lastKnownFileType = sourcecode.swift; path = InterfaceController.swift; sourceTree = "<group>"; };
		208339901E8D43540002EFF2 /* ExtensionDelegate.swift */ = {isa = PBXFileReference; lastKnownFileType = sourcecode.swift; path = ExtensionDelegate.swift; sourceTree = "<group>"; };
		208339921E8D43540002EFF2 /* NotificationController.swift */ = {isa = PBXFileReference; lastKnownFileType = sourcecode.swift; path = NotificationController.swift; sourceTree = "<group>"; };
		208339941E8D43540002EFF2 /* ComplicationController.swift */ = {isa = PBXFileReference; lastKnownFileType = sourcecode.swift; path = ComplicationController.swift; sourceTree = "<group>"; };
		208339961E8D43540002EFF2 /* Assets.xcassets */ = {isa = PBXFileReference; lastKnownFileType = folder.assetcatalog; path = Assets.xcassets; sourceTree = "<group>"; };
		208339981E8D43540002EFF2 /* Info.plist */ = {isa = PBXFileReference; lastKnownFileType = text.plist.xml; path = Info.plist; sourceTree = "<group>"; };
		208339A71E8D46B80002EFF2 /* EventDetailInterfaceController.swift */ = {isa = PBXFileReference; fileEncoding = 4; lastKnownFileType = sourcecode.swift; path = EventDetailInterfaceController.swift; sourceTree = "<group>"; };
		208339AB1E8D498C0002EFF2 /* EventRow.swift */ = {isa = PBXFileReference; fileEncoding = 4; lastKnownFileType = sourcecode.swift; path = EventRow.swift; sourceTree = "<group>"; };
		2090D07A1E875AA600E5E35C /* Constant.swift */ = {isa = PBXFileReference; fileEncoding = 4; lastKnownFileType = sourcecode.swift; path = Constant.swift; sourceTree = "<group>"; };
		2090D07C1E8767E300E5E35C /* Graphics.swift */ = {isa = PBXFileReference; fileEncoding = 4; lastKnownFileType = sourcecode.swift; path = Graphics.swift; sourceTree = "<group>"; };
		2099860E1E8635180025C3E3 /* PickerButton.swift */ = {isa = PBXFileReference; fileEncoding = 4; lastKnownFileType = sourcecode.swift; path = PickerButton.swift; sourceTree = "<group>"; };
		20F867211E8D9AD8005139C0 /* Djikstra.swift */ = {isa = PBXFileReference; fileEncoding = 4; lastKnownFileType = sourcecode.swift; path = Djikstra.swift; sourceTree = "<group>"; };
/* End PBXFileReference section */

/* Begin PBXFrameworksBuildPhase section */
		203494351E5A2939001B9F7C /* Frameworks */ = {
			isa = PBXFrameworksBuildPhase;
			buildActionMask = 2147483647;
			files = (
			);
			runOnlyForDeploymentPostprocessing = 0;
		};
		208339841E8D43540002EFF2 /* Frameworks */ = {
			isa = PBXFrameworksBuildPhase;
			buildActionMask = 2147483647;
			files = (
			);
			runOnlyForDeploymentPostprocessing = 0;
		};
/* End PBXFrameworksBuildPhase section */

/* Begin PBXGroup section */
		2007B0CF1E84C7DD00655282 /* Welcome */ = {
			isa = PBXGroup;
			children = (
				2034943D1E5A2939001B9F7C /* ViewController.swift */,
				203494561E5A658A001B9F7C /* LocationView.swift */,
				203494581E5A65A1001B9F7C /* NotificationsView.swift */,
				203494541E5A63CB001B9F7C /* WelcomeView.swift */,
			);
			name = Welcome;
			sourceTree = "<group>";
		};
		2007B0D01E84C7E300655282 /* Tools */ = {
			isa = PBXGroup;
			children = (
				20610E841E5B974200BA6700 /* Graveyard.swift */,
				203494501E5A2F74001B9F7C /* Tools.swift */,
			);
			name = Tools;
			sourceTree = "<group>";
		};
		2007B0D11E84C7FD00655282 /* Core Data */ = {
			isa = PBXGroup;
			children = (
				2039F4C61E830B3500FE9F98 /* CoreDataTools.swift */,
				20F867211E8D9AD8005139C0 /* Djikstra.swift */,
				2014BFA21E5BF80D00C47D18 /* Line.swift */,
				202D53AD1E8A1E6C0016A946 /* MetroBackend.swift */,
				2083393D1E8C477C0002EFF2 /* MetroEvent.swift */,
				20610E821E5B7DCE00BA6700 /* Station.swift */,
			);
			name = "Core Data";
			sourceTree = "<group>";
		};
		2008F7041E8C0F4C00170643 /* Scanner */ = {
			isa = PBXGroup;
			children = (
				2008F6FC1E8C0F4700170643 /* ScannerViewController.swift */,
				2008F6FD1E8C0F4700170643 /* ScanOverlay.swift */,
				2008F6FE1E8C0F4700170643 /* ScanBorder.swift */,
				2008F6FF1E8C0F4700170643 /* ScanAcceptedBorder.swift */,
			);
			name = Scanner;
			sourceTree = "<group>";
		};
		2032A0621E883B9F00D96099 /* UI Creation */ = {
			isa = PBXGroup;
			children = (
				202D53AF1E8A28A80016A946 /* Circle.swift */,
				2090D07A1E875AA600E5E35C /* Constant.swift */,
				2090D07C1E8767E300E5E35C /* Graphics.swift */,
				2099860E1E8635180025C3E3 /* PickerButton.swift */,
				2007B0CD1E84C6DD00655282 /* UIObjects.swift */,
			);
			name = "UI Creation";
			sourceTree = "<group>";
		};
		2034942F1E5A2939001B9F7C = {
			isa = PBXGroup;
			children = (
				2034943A1E5A2939001B9F7C /* Metro */,
				2083397C1E8D43540002EFF2 /* Metro WatchKit */,
				2083398B1E8D43540002EFF2 /* Metro WatchKit Extension */,
				203494391E5A2939001B9F7C /* Products */,
			);
			sourceTree = "<group>";
		};
		203494391E5A2939001B9F7C /* Products */ = {
			isa = PBXGroup;
			children = (
				203494381E5A2939001B9F7C /* Metro.app */,
				2083397B1E8D43540002EFF2 /* Metro WatchKit.app */,
				208339871E8D43540002EFF2 /* Metro WatchKit Extension.appex */,
			);
			name = Products;
			sourceTree = "<group>";
		};
		2034943A1E5A2939001B9F7C /* Metro */ = {
			isa = PBXGroup;
			children = (
				2034943B1E5A2939001B9F7C /* AppDelegate.swift */,
				2007B0D11E84C7FD00655282 /* Core Data */,
				2032A0621E883B9F00D96099 /* UI Creation */,
				2007B0D01E84C7E300655282 /* Tools */,
				2007B0CF1E84C7DD00655282 /* Welcome */,
				20F867231E8D9B57005139C0 /* Events */,
				20F867241E8D9B79005139C0 /* Navigation */,
				208339491E8CB95A0002EFF2 /* Map */,
				2008F7041E8C0F4C00170643 /* Scanner */,
				20610E7C1E5B6DD100BA6700 /* SearchRouteViewController.swift */,
				200CA5FD1EBFA02900FF8FDA /* NoResultsView.swift */,
				2034943F1E5A2939001B9F7C /* Main.storyboard */,
				2007B0CA1E84BC7800655282 /* .swiftlint.yml */,
				203494451E5A2939001B9F7C /* Assets.xcassets */,
				203494471E5A2939001B9F7C /* LaunchScreen.storyboard */,
				2034945E1E5A7D36001B9F7C /* Localizable.strings */,
				2001D84F1E5AD8A0008C630C /* Train.mp4 */,
				2034944A1E5A2939001B9F7C /* Info.plist */,
				203494421E5A2939001B9F7C /* Metro.xcdatamodeld */,
				20076D751EBD4B6B0082A7C4 /* InputStationViewController.swift */,
				200CA5FF1EBFB50300FF8FDA /* NearbyStationsViewController.swift */,
				200CA5F91EBE271000FF8FDA /* StationTableViewCell.swift */,
				200CA5FB1EBE3EB400FF8FDA /* ResultStationsTableViewController.swift */,
				200CA6011EBFEB3900FF8FDA /* NearbyResultStationsTableViewController.swift */,
			);
			path = Metro;
			sourceTree = "<group>";
		};
		208339491E8CB95A0002EFF2 /* Map */ = {
			isa = PBXGroup;
			children = (
				208339431E8CB9560002EFF2 /* MapViewController.swift */,
				2083394A1E8CC5940002EFF2 /* MapPlacesTableViewController.swift */,
				208339441E8CB9560002EFF2 /* CustomMapView.swift */,
				208339451E8CB9560002EFF2 /* LocationButton.swift */,
			);
			name = Map;
			sourceTree = "<group>";
		};
		2083397C1E8D43540002EFF2 /* Metro WatchKit */ = {
			isa = PBXGroup;
			children = (
				2083397D1E8D43540002EFF2 /* Interface.storyboard */,
				208339801E8D43540002EFF2 /* Assets.xcassets */,
				208339821E8D43540002EFF2 /* Info.plist */,
			);
			path = "Metro WatchKit";
			sourceTree = "<group>";
		};
		2083398B1E8D43540002EFF2 /* Metro WatchKit Extension */ = {
			isa = PBXGroup;
			children = (
				2083398E1E8D43540002EFF2 /* InterfaceController.swift */,
				208339A71E8D46B80002EFF2 /* EventDetailInterfaceController.swift */,
				208339AB1E8D498C0002EFF2 /* EventRow.swift */,
				208339901E8D43540002EFF2 /* ExtensionDelegate.swift */,
				208339921E8D43540002EFF2 /* NotificationController.swift */,
				208339941E8D43540002EFF2 /* ComplicationController.swift */,
				208339961E8D43540002EFF2 /* Assets.xcassets */,
				208339981E8D43540002EFF2 /* Info.plist */,
				2083398C1E8D43540002EFF2 /* Supporting Files */,
			);
			path = "Metro WatchKit Extension";
			sourceTree = "<group>";
		};
		2083398C1E8D43540002EFF2 /* Supporting Files */ = {
			isa = PBXGroup;
			children = (
				2083398D1E8D43540002EFF2 /* PushNotificationPayload.apns */,
			);
			name = "Supporting Files";
			sourceTree = "<group>";
		};
		20F867231E8D9B57005139C0 /* Events */ = {
			isa = PBXGroup;
			children = (
				2008F6F21E8B24D700170643 /* EventsViewController.swift */,
				2008F6F61E8B401A00170643 /* EventSearchResultsTableViewController.swift */,
				208339411E8C6A0C0002EFF2 /* EventCellTableViewCell.swift */,
			);
			name = Events;
			sourceTree = "<group>";
		};
		20F867241E8D9B79005139C0 /* Navigation */ = {
			isa = PBXGroup;
			children = (
				20610E801E5B73F700BA6700 /* MainTabBarViewController.swift */,
				20610E7E1E5B6ECD00BA6700 /* MainNavigationViewController.swift */,
			);
			name = Navigation;
			sourceTree = "<group>";
		};
/* End PBXGroup section */

/* Begin PBXNativeTarget section */
		203494371E5A2939001B9F7C /* Metro */ = {
			isa = PBXNativeTarget;
			buildConfigurationList = 2034944D1E5A2939001B9F7C /* Build configuration list for PBXNativeTarget "Metro" */;
			buildPhases = (
				203494341E5A2939001B9F7C /* Sources */,
				203494351E5A2939001B9F7C /* Frameworks */,
				203494361E5A2939001B9F7C /* Resources */,
				208339781E8D40D90002EFF2 /* Embed Watch Content */,
			);
			buildRules = (
			);
			dependencies = (
				2083399A1E8D43540002EFF2 /* PBXTargetDependency */,
			);
			name = Metro;
			productName = Metro;
			productReference = 203494381E5A2939001B9F7C /* Metro.app */;
			productType = "com.apple.product-type.application";
		};
		2083397A1E8D43540002EFF2 /* Metro WatchKit */ = {
			isa = PBXNativeTarget;
			buildConfigurationList = 208339A01E8D43540002EFF2 /* Build configuration list for PBXNativeTarget "Metro WatchKit" */;
			buildPhases = (
				208339791E8D43540002EFF2 /* Resources */,
				2083399F1E8D43540002EFF2 /* Embed App Extensions */,
			);
			buildRules = (
			);
			dependencies = (
				2083398A1E8D43540002EFF2 /* PBXTargetDependency */,
			);
			name = "Metro WatchKit";
			productName = "Metro WatchKit";
			productReference = 2083397B1E8D43540002EFF2 /* Metro WatchKit.app */;
			productType = "com.apple.product-type.application.watchapp2";
		};
		208339861E8D43540002EFF2 /* Metro WatchKit Extension */ = {
			isa = PBXNativeTarget;
			buildConfigurationList = 2083399C1E8D43540002EFF2 /* Build configuration list for PBXNativeTarget "Metro WatchKit Extension" */;
			buildPhases = (
				208339831E8D43540002EFF2 /* Sources */,
				208339841E8D43540002EFF2 /* Frameworks */,
				208339851E8D43540002EFF2 /* Resources */,
			);
			buildRules = (
			);
			dependencies = (
			);
			name = "Metro WatchKit Extension";
			productName = "Metro WatchKit Extension";
			productReference = 208339871E8D43540002EFF2 /* Metro WatchKit Extension.appex */;
			productType = "com.apple.product-type.watchkit2-extension";
		};
/* End PBXNativeTarget section */

/* Begin PBXProject section */
		203494301E5A2939001B9F7C /* Project object */ = {
			isa = PBXProject;
			attributes = {
				LastSwiftUpdateCheck = 0830;
				LastUpgradeCheck = 0830;
				ORGANIZATIONNAME = "Eduardo Valencia";
				TargetAttributes = {
					203494371E5A2939001B9F7C = {
						CreatedOnToolsVersion = 8.3;
						DevelopmentTeam = 7Z3T83KEBB;
						ProvisioningStyle = Automatic;
					};
					2083397A1E8D43540002EFF2 = {
						CreatedOnToolsVersion = 8.3;
						DevelopmentTeam = 7Z3T83KEBB;
						ProvisioningStyle = Automatic;
					};
					208339861E8D43540002EFF2 = {
						CreatedOnToolsVersion = 8.3;
						DevelopmentTeam = 7Z3T83KEBB;
						ProvisioningStyle = Automatic;
					};
				};
			};
			buildConfigurationList = 203494331E5A2939001B9F7C /* Build configuration list for PBXProject "Metro" */;
			compatibilityVersion = "Xcode 3.2";
			developmentRegion = English;
			hasScannedForEncodings = 0;
			knownRegions = (
				en,
				Base,
			);
			mainGroup = 2034942F1E5A2939001B9F7C;
			productRefGroup = 203494391E5A2939001B9F7C /* Products */;
			projectDirPath = "";
			projectRoot = "";
			targets = (
				203494371E5A2939001B9F7C /* Metro */,
				2083397A1E8D43540002EFF2 /* Metro WatchKit */,
				208339861E8D43540002EFF2 /* Metro WatchKit Extension */,
			);
		};
/* End PBXProject section */

/* Begin PBXResourcesBuildPhase section */
		203494361E5A2939001B9F7C /* Resources */ = {
			isa = PBXResourcesBuildPhase;
			buildActionMask = 2147483647;
			files = (
				2007B0CB1E84BC7800655282 /* .swiftlint.yml in Resources */,
				203494491E5A2939001B9F7C /* LaunchScreen.storyboard in Resources */,
				2001D8501E5AD8A0008C630C /* Train.mp4 in Resources */,
				2034945C1E5A7D36001B9F7C /* Localizable.strings in Resources */,
				203494461E5A2939001B9F7C /* Assets.xcassets in Resources */,
				203494411E5A2939001B9F7C /* Main.storyboard in Resources */,
			);
			runOnlyForDeploymentPostprocessing = 0;
		};
		208339791E8D43540002EFF2 /* Resources */ = {
			isa = PBXResourcesBuildPhase;
			buildActionMask = 2147483647;
			files = (
				208339811E8D43540002EFF2 /* Assets.xcassets in Resources */,
				20EC74461E8DC567006EB240 /* Interface.storyboard in Resources */,
			);
			runOnlyForDeploymentPostprocessing = 0;
		};
		208339851E8D43540002EFF2 /* Resources */ = {
			isa = PBXResourcesBuildPhase;
			buildActionMask = 2147483647;
			files = (
				208339971E8D43540002EFF2 /* Assets.xcassets in Resources */,
			);
			runOnlyForDeploymentPostprocessing = 0;
		};
/* End PBXResourcesBuildPhase section */

/* Begin PBXSourcesBuildPhase section */
		203494341E5A2939001B9F7C /* Sources */ = {
			isa = PBXSourcesBuildPhase;
			buildActionMask = 2147483647;
			files = (
				2034943E1E5A2939001B9F7C /* ViewController.swift in Sources */,
				2090D07B1E875AA600E5E35C /* Constant.swift in Sources */,
				2083394B1E8CC5940002EFF2 /* MapPlacesTableViewController.swift in Sources */,
				2083393E1E8C477C0002EFF2 /* MetroEvent.swift in Sources */,
				2008F7021E8C0F4700170643 /* ScanBorder.swift in Sources */,
				200CA5FC1EBE3EB400FF8FDA /* ResultStationsTableViewController.swift in Sources */,
				208339421E8C6A0C0002EFF2 /* EventCellTableViewCell.swift in Sources */,
				20610E7F1E5B6ECD00BA6700 /* MainNavigationViewController.swift in Sources */,
				2008F6F71E8B401A00170643 /* EventSearchResultsTableViewController.swift in Sources */,
				203494571E5A658A001B9F7C /* LocationView.swift in Sources */,
				208339481E8CB9560002EFF2 /* LocationButton.swift in Sources */,
				203494591E5A65A1001B9F7C /* NotificationsView.swift in Sources */,
				202D53B01E8A28A80016A946 /* Circle.swift in Sources */,
				2008F7001E8C0F4700170643 /* ScannerViewController.swift in Sources */,
				203494551E5A63CB001B9F7C /* WelcomeView.swift in Sources */,
				2090D07D1E8767E300E5E35C /* Graphics.swift in Sources */,
				208339461E8CB9560002EFF2 /* MapViewController.swift in Sources */,
				20610E811E5B73F700BA6700 /* MainTabBarViewController.swift in Sources */,
				203494441E5A2939001B9F7C /* Metro.xcdatamodeld in Sources */,
				2099860F1E8635180025C3E3 /* PickerButton.swift in Sources */,
				2008F6F31E8B24D700170643 /* EventsViewController.swift in Sources */,
				2014BFA31E5BF80D00C47D18 /* Line.swift in Sources */,
				20610E851E5B974200BA6700 /* Graveyard.swift in Sources */,
				2034943C1E5A2939001B9F7C /* AppDelegate.swift in Sources */,
				2039F4C71E830B3500FE9F98 /* CoreDataTools.swift in Sources */,
				20610E831E5B7DCE00BA6700 /* Station.swift in Sources */,
				2008F7011E8C0F4700170643 /* ScanOverlay.swift in Sources */,
				20076D761EBD4B6B0082A7C4 /* InputStationViewController.swift in Sources */,
				200CA5FE1EBFA02900FF8FDA /* NoResultsView.swift in Sources */,
				208339471E8CB9560002EFF2 /* CustomMapView.swift in Sources */,
				2007B0CE1E84C6DD00655282 /* UIObjects.swift in Sources */,
				20610E7D1E5B6DD100BA6700 /* SearchRouteViewController.swift in Sources */,
				200CA6001EBFB50300FF8FDA /* NearbyStationsViewController.swift in Sources */,
				2008F7031E8C0F4700170643 /* ScanAcceptedBorder.swift in Sources */,
				200CA5FA1EBE271000FF8FDA /* StationTableViewCell.swift in Sources */,
				202D53AE1E8A1E6C0016A946 /* MetroBackend.swift in Sources */,
				203494511E5A2F74001B9F7C /* Tools.swift in Sources */,
				20F867221E8D9AD8005139C0 /* Djikstra.swift in Sources */,
				200CA6021EBFEB3900FF8FDA /* NearbyResultStationsTableViewController.swift in Sources */,
			);
			runOnlyForDeploymentPostprocessing = 0;
		};
		208339831E8D43540002EFF2 /* Sources */ = {
			isa = PBXSourcesBuildPhase;
			buildActionMask = 2147483647;
			files = (
				208339931E8D43540002EFF2 /* NotificationController.swift in Sources */,
				208339AC1E8D498C0002EFF2 /* EventRow.swift in Sources */,
				208339A81E8D46B80002EFF2 /* EventDetailInterfaceController.swift in Sources */,
				208339951E8D43540002EFF2 /* ComplicationController.swift in Sources */,
				208339911E8D43540002EFF2 /* ExtensionDelegate.swift in Sources */,
				2083398F1E8D43540002EFF2 /* InterfaceController.swift in Sources */,
			);
			runOnlyForDeploymentPostprocessing = 0;
		};
/* End PBXSourcesBuildPhase section */

/* Begin PBXTargetDependency section */
		2083398A1E8D43540002EFF2 /* PBXTargetDependency */ = {
			isa = PBXTargetDependency;
			target = 208339861E8D43540002EFF2 /* Metro WatchKit Extension */;
			targetProxy = 208339891E8D43540002EFF2 /* PBXContainerItemProxy */;
		};
		2083399A1E8D43540002EFF2 /* PBXTargetDependency */ = {
			isa = PBXTargetDependency;
			target = 2083397A1E8D43540002EFF2 /* Metro WatchKit */;
			targetProxy = 208339991E8D43540002EFF2 /* PBXContainerItemProxy */;
		};
/* End PBXTargetDependency section */

/* Begin PBXVariantGroup section */
		2034943F1E5A2939001B9F7C /* Main.storyboard */ = {
			isa = PBXVariantGroup;
			children = (
				203494401E5A2939001B9F7C /* Base */,
			);
			name = Main.storyboard;
			sourceTree = "<group>";
		};
		203494471E5A2939001B9F7C /* LaunchScreen.storyboard */ = {
			isa = PBXVariantGroup;
			children = (
				203494481E5A2939001B9F7C /* Base */,
			);
			name = LaunchScreen.storyboard;
			sourceTree = "<group>";
		};
		2034945E1E5A7D36001B9F7C /* Localizable.strings */ = {
			isa = PBXVariantGroup;
			children = (
				2034945D1E5A7D36001B9F7C /* Base */,
			);
			name = Localizable.strings;
			sourceTree = "<group>";
		};
		2083397D1E8D43540002EFF2 /* Interface.storyboard */ = {
			isa = PBXVariantGroup;
			children = (
				2083397E1E8D43540002EFF2 /* Base */,
			);
			name = Interface.storyboard;
			sourceTree = "<group>";
		};
/* End PBXVariantGroup section */

/* Begin XCBuildConfiguration section */
		2034944B1E5A2939001B9F7C /* Debug */ = {
			isa = XCBuildConfiguration;
			buildSettings = {
				ALWAYS_SEARCH_USER_PATHS = NO;
				CLANG_ANALYZER_NONNULL = YES;
				CLANG_ANALYZER_NUMBER_OBJECT_CONVERSION = YES_AGGRESSIVE;
				CLANG_CXX_LANGUAGE_STANDARD = "gnu++0x";
				CLANG_CXX_LIBRARY = "libc++";
				CLANG_ENABLE_MODULES = YES;
				CLANG_ENABLE_OBJC_ARC = YES;
				CLANG_WARN_BOOL_CONVERSION = YES;
				CLANG_WARN_CONSTANT_CONVERSION = YES;
				CLANG_WARN_DIRECT_OBJC_ISA_USAGE = YES_ERROR;
				CLANG_WARN_DOCUMENTATION_COMMENTS = YES;
				CLANG_WARN_EMPTY_BODY = YES;
				CLANG_WARN_ENUM_CONVERSION = YES;
				CLANG_WARN_INFINITE_RECURSION = YES;
				CLANG_WARN_INT_CONVERSION = YES;
				CLANG_WARN_OBJC_ROOT_CLASS = YES_ERROR;
				CLANG_WARN_SUSPICIOUS_MOVE = YES;
				CLANG_WARN_UNREACHABLE_CODE = YES;
				CLANG_WARN__DUPLICATE_METHOD_MATCH = YES;
				"CODE_SIGN_IDENTITY[sdk=iphoneos*]" = "iPhone Developer";
				COPY_PHASE_STRIP = NO;
				DEBUG_INFORMATION_FORMAT = dwarf;
				ENABLE_STRICT_OBJC_MSGSEND = YES;
				ENABLE_TESTABILITY = YES;
				GCC_C_LANGUAGE_STANDARD = gnu99;
				GCC_DYNAMIC_NO_PIC = NO;
				GCC_NO_COMMON_BLOCKS = YES;
				GCC_OPTIMIZATION_LEVEL = 0;
				GCC_PREPROCESSOR_DEFINITIONS = (
					"DEBUG=1",
					"$(inherited)",
				);
				GCC_WARN_64_TO_32_BIT_CONVERSION = YES;
				GCC_WARN_ABOUT_RETURN_TYPE = YES_ERROR;
				GCC_WARN_UNDECLARED_SELECTOR = YES;
				GCC_WARN_UNINITIALIZED_AUTOS = YES_AGGRESSIVE;
				GCC_WARN_UNUSED_FUNCTION = YES;
				GCC_WARN_UNUSED_VARIABLE = YES;
				IPHONEOS_DEPLOYMENT_TARGET = 10.0;
				MTL_ENABLE_DEBUG_INFO = YES;
				ONLY_ACTIVE_ARCH = YES;
				SDKROOT = iphoneos;
				SWIFT_ACTIVE_COMPILATION_CONDITIONS = DEBUG;
				SWIFT_OPTIMIZATION_LEVEL = "-Onone";
			};
			name = Debug;
		};
		2034944C1E5A2939001B9F7C /* Release */ = {
			isa = XCBuildConfiguration;
			buildSettings = {
				ALWAYS_SEARCH_USER_PATHS = NO;
				CLANG_ANALYZER_NONNULL = YES;
				CLANG_ANALYZER_NUMBER_OBJECT_CONVERSION = YES_AGGRESSIVE;
				CLANG_CXX_LANGUAGE_STANDARD = "gnu++0x";
				CLANG_CXX_LIBRARY = "libc++";
				CLANG_ENABLE_MODULES = YES;
				CLANG_ENABLE_OBJC_ARC = YES;
				CLANG_WARN_BOOL_CONVERSION = YES;
				CLANG_WARN_CONSTANT_CONVERSION = YES;
				CLANG_WARN_DIRECT_OBJC_ISA_USAGE = YES_ERROR;
				CLANG_WARN_DOCUMENTATION_COMMENTS = YES;
				CLANG_WARN_EMPTY_BODY = YES;
				CLANG_WARN_ENUM_CONVERSION = YES;
				CLANG_WARN_INFINITE_RECURSION = YES;
				CLANG_WARN_INT_CONVERSION = YES;
				CLANG_WARN_OBJC_ROOT_CLASS = YES_ERROR;
				CLANG_WARN_SUSPICIOUS_MOVE = YES;
				CLANG_WARN_UNREACHABLE_CODE = YES;
				CLANG_WARN__DUPLICATE_METHOD_MATCH = YES;
				"CODE_SIGN_IDENTITY[sdk=iphoneos*]" = "iPhone Developer";
				COPY_PHASE_STRIP = NO;
				DEBUG_INFORMATION_FORMAT = "dwarf-with-dsym";
				ENABLE_NS_ASSERTIONS = NO;
				ENABLE_STRICT_OBJC_MSGSEND = YES;
				GCC_C_LANGUAGE_STANDARD = gnu99;
				GCC_NO_COMMON_BLOCKS = YES;
				GCC_WARN_64_TO_32_BIT_CONVERSION = YES;
				GCC_WARN_ABOUT_RETURN_TYPE = YES_ERROR;
				GCC_WARN_UNDECLARED_SELECTOR = YES;
				GCC_WARN_UNINITIALIZED_AUTOS = YES_AGGRESSIVE;
				GCC_WARN_UNUSED_FUNCTION = YES;
				GCC_WARN_UNUSED_VARIABLE = YES;
				IPHONEOS_DEPLOYMENT_TARGET = 10.0;
				MTL_ENABLE_DEBUG_INFO = NO;
				SDKROOT = iphoneos;
				SWIFT_OPTIMIZATION_LEVEL = "-Owholemodule";
				VALIDATE_PRODUCT = YES;
			};
			name = Release;
		};
		2034944E1E5A2939001B9F7C /* Debug */ = {
			isa = XCBuildConfiguration;
			buildSettings = {
				ASSETCATALOG_COMPILER_APPICON_NAME = AppIcon;
				DEVELOPMENT_TEAM = 7Z3T83KEBB;
				INFOPLIST_FILE = Metro/Info.plist;
				LD_RUNPATH_SEARCH_PATHS = "$(inherited) @executable_path/Frameworks";
				PRODUCT_BUNDLE_IDENTIFIER = urban.Metro;
				PRODUCT_NAME = "$(TARGET_NAME)";
				SWIFT_VERSION = 3.0;
			};
			name = Debug;
		};
		2034944F1E5A2939001B9F7C /* Release */ = {
			isa = XCBuildConfiguration;
			buildSettings = {
				ASSETCATALOG_COMPILER_APPICON_NAME = AppIcon;
				DEVELOPMENT_TEAM = 7Z3T83KEBB;
				INFOPLIST_FILE = Metro/Info.plist;
				LD_RUNPATH_SEARCH_PATHS = "$(inherited) @executable_path/Frameworks";
				PRODUCT_BUNDLE_IDENTIFIER = urban.Metro;
				PRODUCT_NAME = "$(TARGET_NAME)";
				SWIFT_VERSION = 3.0;
			};
			name = Release;
		};
		2083399D1E8D43540002EFF2 /* Debug */ = {
			isa = XCBuildConfiguration;
			buildSettings = {
				ASSETCATALOG_COMPILER_COMPLICATION_NAME = Complication;
				DEVELOPMENT_TEAM = 7Z3T83KEBB;
				INFOPLIST_FILE = "Metro WatchKit Extension/Info.plist";
				LD_RUNPATH_SEARCH_PATHS = "$(inherited) @executable_path/Frameworks @executable_path/../../Frameworks";
				PRODUCT_BUNDLE_IDENTIFIER = urban.Metro.watchkitapp.watchkitextension;
				PRODUCT_NAME = "${TARGET_NAME}";
				SDKROOT = watchos;
				SKIP_INSTALL = YES;
				SWIFT_VERSION = 3.0;
				TARGETED_DEVICE_FAMILY = 4;
				WATCHOS_DEPLOYMENT_TARGET = 3.2;
			};
			name = Debug;
		};
		2083399E1E8D43540002EFF2 /* Release */ = {
			isa = XCBuildConfiguration;
			buildSettings = {
				ASSETCATALOG_COMPILER_COMPLICATION_NAME = Complication;
				DEVELOPMENT_TEAM = 7Z3T83KEBB;
				INFOPLIST_FILE = "Metro WatchKit Extension/Info.plist";
				LD_RUNPATH_SEARCH_PATHS = "$(inherited) @executable_path/Frameworks @executable_path/../../Frameworks";
				PRODUCT_BUNDLE_IDENTIFIER = urban.Metro.watchkitapp.watchkitextension;
				PRODUCT_NAME = "${TARGET_NAME}";
				SDKROOT = watchos;
				SKIP_INSTALL = YES;
				SWIFT_VERSION = 3.0;
				TARGETED_DEVICE_FAMILY = 4;
				WATCHOS_DEPLOYMENT_TARGET = 3.2;
			};
			name = Release;
		};
		208339A11E8D43540002EFF2 /* Debug */ = {
			isa = XCBuildConfiguration;
			buildSettings = {
				ALWAYS_EMBED_SWIFT_STANDARD_LIBRARIES = YES;
				ASSETCATALOG_COMPILER_APPICON_NAME = AppIcon;
				DEVELOPMENT_TEAM = 7Z3T83KEBB;
				IBSC_MODULE = Metro_WatchKit_Extension;
				INFOPLIST_FILE = "Metro WatchKit/Info.plist";
				PRODUCT_BUNDLE_IDENTIFIER = urban.Metro.watchkitapp;
				PRODUCT_NAME = "$(TARGET_NAME)";
				SDKROOT = watchos;
				SKIP_INSTALL = YES;
				SWIFT_VERSION = 3.0;
				TARGETED_DEVICE_FAMILY = 4;
				WATCHOS_DEPLOYMENT_TARGET = 3.2;
			};
			name = Debug;
		};
		208339A21E8D43540002EFF2 /* Release */ = {
			isa = XCBuildConfiguration;
			buildSettings = {
				ALWAYS_EMBED_SWIFT_STANDARD_LIBRARIES = YES;
				ASSETCATALOG_COMPILER_APPICON_NAME = AppIcon;
				DEVELOPMENT_TEAM = 7Z3T83KEBB;
				IBSC_MODULE = Metro_WatchKit_Extension;
				INFOPLIST_FILE = "Metro WatchKit/Info.plist";
				PRODUCT_BUNDLE_IDENTIFIER = urban.Metro.watchkitapp;
				PRODUCT_NAME = "$(TARGET_NAME)";
				SDKROOT = watchos;
				SKIP_INSTALL = YES;
				SWIFT_VERSION = 3.0;
				TARGETED_DEVICE_FAMILY = 4;
				WATCHOS_DEPLOYMENT_TARGET = 3.2;
			};
			name = Release;
		};
/* End XCBuildConfiguration section */

/* Begin XCConfigurationList section */
		203494331E5A2939001B9F7C /* Build configuration list for PBXProject "Metro" */ = {
			isa = XCConfigurationList;
			buildConfigurations = (
				2034944B1E5A2939001B9F7C /* Debug */,
				2034944C1E5A2939001B9F7C /* Release */,
			);
			defaultConfigurationIsVisible = 0;
			defaultConfigurationName = Release;
		};
		2034944D1E5A2939001B9F7C /* Build configuration list for PBXNativeTarget "Metro" */ = {
			isa = XCConfigurationList;
			buildConfigurations = (
				2034944E1E5A2939001B9F7C /* Debug */,
				2034944F1E5A2939001B9F7C /* Release */,
			);
			defaultConfigurationIsVisible = 0;
			defaultConfigurationName = Release;
		};
		2083399C1E8D43540002EFF2 /* Build configuration list for PBXNativeTarget "Metro WatchKit Extension" */ = {
			isa = XCConfigurationList;
			buildConfigurations = (
				2083399D1E8D43540002EFF2 /* Debug */,
				2083399E1E8D43540002EFF2 /* Release */,
			);
			defaultConfigurationIsVisible = 0;
			defaultConfigurationName = Release;
		};
		208339A01E8D43540002EFF2 /* Build configuration list for PBXNativeTarget "Metro WatchKit" */ = {
			isa = XCConfigurationList;
			buildConfigurations = (
				208339A11E8D43540002EFF2 /* Debug */,
				208339A21E8D43540002EFF2 /* Release */,
			);
			defaultConfigurationIsVisible = 0;
			defaultConfigurationName = Release;
		};
/* End XCConfigurationList section */

/* Begin XCVersionGroup section */
		203494421E5A2939001B9F7C /* Metro.xcdatamodeld */ = {
			isa = XCVersionGroup;
			children = (
				203494431E5A2939001B9F7C /* Metro.xcdatamodel */,
			);
			currentVersion = 203494431E5A2939001B9F7C /* Metro.xcdatamodel */;
			path = Metro.xcdatamodeld;
			sourceTree = "<group>";
			versionGroupType = wrapper.xcdatamodel;
		};
/* End XCVersionGroup section */
	};
	rootObject = 203494301E5A2939001B9F7C /* Project object */;
}
